
Microsoft Visual Studio Solution File, Format Version 12.00
# Visual Studio Version 17
VisualStudioVersion = 17.7.34202.233
MinimumVisualStudioVersion = 10.0.40219.1
Project("{FAE04EC0-301F-11D3-BF4B-00C04F79EFBC}") = "DownloadControll", "DownloadControll\DownloadControll.csproj", "{3AA204F1-C270-4ADA-89CC-29B77EA0F0E1}"
EndProject
Global
	GlobalSection(SolutionConfigurationPlatforms) = preSolution
		Debug|Any CPU = Debug|Any CPU
		Release|Any CPU = Release|Any CPU
	EndGlobalSection
	GlobalSection(ProjectConfigurationPlatforms) = postSolution
		{3AA204F1-C270-4ADA-89CC-29B77EA0F0E1}.Debug|Any CPU.ActiveCfg = Debug|Any CPU
		{3AA204F1-C270-4ADA-89CC-29B77EA0F0E1}.Debug|Any CPU.Build.0 = Debug|Any CPU
		{3AA204F1-C270-4ADA-89CC-29B77EA0F0E1}.Release|Any CPU.ActiveCfg = Release|Any CPU
		{3AA204F1-C270-4ADA-89CC-29B77EA0F0E1}.Release|Any CPU.Build.0 = Release|Any CPU
	EndGlobalSection
	GlobalSection(SolutionProperties) = preSolution
		HideSolutionNode = FALSE
	EndGlobalSection
	GlobalSection(ExtensibilityGlobals) = postSolution
		SolutionGuid = {D82D38E0-D732-45FC-8C51-2C676C87F5FA}
	EndGlobalSection
EndGlobal
